
Microsoft Visual Studio Solution File, Format Version 12.00
# Visual Studio Version 16
VisualStudioVersion = 16.0.30804.86
MinimumVisualStudioVersion = 10.0.40219.1
Project("{FAE04EC0-301F-11D3-BF4B-00C04F79EFBC}") = "blazor-playground.Server", "Server\blazor-playground.Server.csproj", "{0216380A-9FDC-4B9C-981D-E73EEFE5F264}"
EndProject
Project("{FAE04EC0-301F-11D3-BF4B-00C04F79EFBC}") = "blazor-playground.Client", "Client\blazor-playground.Client.csproj", "{E2041F03-E45D-4713-B461-D1A97DFC06DD}"
EndProject
Project("{FAE04EC0-301F-11D3-BF4B-00C04F79EFBC}") = "blazor-playground.Shared", "Shared\blazor-playground.Shared.csproj", "{931572FB-FA94-4609-969F-EA12A8D8A5C5}"
EndProject
Global
	GlobalSection(SolutionConfigurationPlatforms) = preSolution
		Debug|Any CPU = Debug|Any CPU
		Release|Any CPU = Release|Any CPU
	EndGlobalSection
	GlobalSection(ProjectConfigurationPlatforms) = postSolution
		{0216380A-9FDC-4B9C-981D-E73EEFE5F264}.Debug|Any CPU.ActiveCfg = Debug|Any CPU
		{0216380A-9FDC-4B9C-981D-E73EEFE5F264}.Debug|Any CPU.Build.0 = Debug|Any CPU
		{0216380A-9FDC-4B9C-981D-E73EEFE5F264}.Release|Any CPU.ActiveCfg = Release|Any CPU
		{0216380A-9FDC-4B9C-981D-E73EEFE5F264}.Release|Any CPU.Build.0 = Release|Any CPU
		{E2041F03-E45D-4713-B461-D1A97DFC06DD}.Debug|Any CPU.ActiveCfg = Debug|Any CPU
		{E2041F03-E45D-4713-B461-D1A97DFC06DD}.Debug|Any CPU.Build.0 = Debug|Any CPU
		{E2041F03-E45D-4713-B461-D1A97DFC06DD}.Release|Any CPU.ActiveCfg = Release|Any CPU
		{E2041F03-E45D-4713-B461-D1A97DFC06DD}.Release|Any CPU.Build.0 = Release|Any CPU
		{931572FB-FA94-4609-969F-EA12A8D8A5C5}.Debug|Any CPU.ActiveCfg = Debug|Any CPU
		{931572FB-FA94-4609-969F-EA12A8D8A5C5}.Debug|Any CPU.Build.0 = Debug|Any CPU
		{931572FB-FA94-4609-969F-EA12A8D8A5C5}.Release|Any CPU.ActiveCfg = Release|Any CPU
		{931572FB-FA94-4609-969F-EA12A8D8A5C5}.Release|Any CPU.Build.0 = Release|Any CPU
	EndGlobalSection
	GlobalSection(SolutionProperties) = preSolution
		HideSolutionNode = FALSE
	EndGlobalSection
	GlobalSection(ExtensibilityGlobals) = postSolution
		SolutionGuid = {379FDBBC-771C-4B6E-8CC5-0FE900F1EA2A}
	EndGlobalSection
EndGlobal
